
Microsoft Visual Studio Solution File, Format Version 12.00
# Visual Studio Version 17
VisualStudioVersion = 17.3.32929.385
MinimumVisualStudioVersion = 10.0.40219.1
Project("{FAE04EC0-301F-11D3-BF4B-00C04F79EFBC}") = "ReferenceTypes", "ReferenceTypes\ReferenceTypes.csproj", "{5E5A92A9-91C8-4E74-88B3-743025973155}"
EndProject
Global
	GlobalSection(SolutionConfigurationPlatforms) = preSolution
		Debug|Any CPU = Debug|Any CPU
		Release|Any CPU = Release|Any CPU
	EndGlobalSection
	GlobalSection(ProjectConfigurationPlatforms) = postSolution
		{5E5A92A9-91C8-4E74-88B3-743025973155}.Debug|Any CPU.ActiveCfg = Debug|Any CPU
		{5E5A92A9-91C8-4E74-88B3-743025973155}.Debug|Any CPU.Build.0 = Debug|Any CPU
		{5E5A92A9-91C8-4E74-88B3-743025973155}.Release|Any CPU.ActiveCfg = Release|Any CPU
		{5E5A92A9-91C8-4E74-88B3-743025973155}.Release|Any CPU.Build.0 = Release|Any CPU
	EndGlobalSection
	GlobalSection(SolutionProperties) = preSolution
		HideSolutionNode = FALSE
	EndGlobalSection
	GlobalSection(ExtensibilityGlobals) = postSolution
		SolutionGuid = {0FA155FA-7CE7-4D3D-942C-46DC0C2F7742}
	EndGlobalSection
EndGlobal
